<?xml version="1.0" encoding="utf-8"?>
<Project ToolsVersion="4.0" xmlns="http://schemas.microsoft.com/developer/msbuild/2003">
  <ItemGroup>
    <Filter Include="Header Files">
      <UniqueIdentifier>{93995380-89BD-4b04-88EB-625FBE52EBFB}</UniqueIdentifier>
      <Extensions>h;hh;hpp;hxx;hm;inl;inc;xsd</Extensions>
    </Filter>
    <Filter Include="Menu">
      <UniqueIdentifier>{2a12d025-c2ec-49af-84af-2c26d0618e38}</UniqueIdentifier>
    </Filter>
    <Filter Include="Source Files">
      <UniqueIdentifier>{4FC737F1-C7A5-4376-A066-2A32D752A2FF}</UniqueIdentifier>
      <Extensions>cpp;c;cc;cxx;def;odl;idl;hpj;bat;asm;asmx</Extensions>
    </Filter>
    <Filter Include="Menu\auth">
      <UniqueIdentifier>{7d1d9379-9cde-4693-8727-203c59db0b1a}</UniqueIdentifier>
    </Filter>
    <Filter Include="Spoof">
      <UniqueIdentifier>{5bfd1e20-6886-413c-a629-6f0a29d91024}</UniqueIdentifier>
    </Filter>
    <Filter Include="Discord">
      <UniqueIdentifier>{39118085-ec09-4a29-9c50-b11d5180ffca}</UniqueIdentifier>
    </Filter>
  </ItemGroup>
  <ItemGroup>
    <ClInclude Include="targetver.h">
      <Filter>Header Files</Filter>
    </ClInclude>
    <ClInclude Include="Log.h">
      <Filter>Header Files</Filter>
    </ClInclude>
    <ClInclude Include="stdafx.h">
      <Filter>Header Files</Filter>
    </ClInclude>
    <ClInclude Include="types.h">
      <Filter>Header Files</Filter>
    </ClInclude>
    <ClInclude Include="nativeCaller.h">
      <Filter>Header Files</Filter>
    </ClInclude>
    <ClInclude Include="Memory.h">
      <Filter>Header Files</Filter>
    </ClInclude>
    <ClInclude Include="NativeInvoker.h">
      <Filter>Header Files</Filter>
    </ClInclude>
    <ClInclude Include="CrossMapping.h">
      <Filter>Header Files</Filter>
    </ClInclude>
    <ClInclude Include="InputHook.h">
      <Filter>Header Files</Filter>
    </ClInclude>
    <ClInclude Include="keyboard.h">
      <Filter>Header Files</Filter>
    </ClInclude>
    <ClInclude Include="Functions.h">
      <Filter>Header Files</Filter>
    </ClInclude>
    <ClInclude Include="enums.h">
      <Filter>Header Files</Filter>
    </ClInclude>
    <ClInclude Include="natives.h">
      <Filter>Header Files</Filter>
    </ClInclude>
    <ClInclude Include="Features.h">
      <Filter>Header Files</Filter>
    </ClInclude>
    <ClInclude Include="resource.h">
      <Filter>Header Files</Filter>
    </ClInclude>
    <ClInclude Include="Auth\Networking\WinHttpClient.h">
      <Filter>Header Files</Filter>
    </ClInclude>
    <ClInclude Include="Auth\Networking\Web2.0.h">
      <Filter>Header Files</Filter>
    </ClInclude>
    <ClInclude Include="MinHook\include\MinHook.h">
      <Filter>Header Files</Filter>
    </ClInclude>
    <ClInclude Include="Funtions.h">
      <Filter>Menu</Filter>
    </ClInclude>
    <ClInclude Include="Mods.h">
      <Filter>Header Files</Filter>
    </ClInclude>
    <ClInclude Include="Protections.h">
      <Filter>Header Files</Filter>
    </ClInclude>
    <ClInclude Include="InfoBox.h">
      <Filter>Header Files</Filter>
    </ClInclude>
    <ClInclude Include="Auth\Networking\atlrx.h">
      <Filter>Menu\auth</Filter>
    </ClInclude>
    <ClInclude Include="Auth\Networking\RegExp.h">
      <Filter>Menu\auth</Filter>
    </ClInclude>
    <ClInclude Include="Auth\Networking\sha512.hh">
      <Filter>Menu\auth</Filter>
    </ClInclude>
    <ClInclude Include="Auth\Networking\StringProcess.h">
      <Filter>Menu\auth</Filter>
    </ClInclude>
    <ClInclude Include="Main.h">
      <Filter>Menu</Filter>
    </ClInclude>
    <ClInclude Include="UI.h">
      <Filter>Menu</Filter>
    </ClInclude>
    <ClInclude Include="spoof.hpp">
      <Filter>Spoof</Filter>
    </ClInclude>
    <ClInclude Include="Discord.h">
      <Filter>Discord</Filter>
    </ClInclude>
    <ClInclude Include="Hooks.h">
      <Filter>Header Files</Filter>
    </ClInclude>
  </ItemGroup>
  <ItemGroup>
    <ClCompile Include="stdafx.cpp">
      <Filter>Source Files</Filter>
    </ClCompile>
    <ClCompile Include="dllmain.cpp">
      <Filter>Source Files</Filter>
    </ClCompile>
    <ClCompile Include="Log.cpp">
      <Filter>Source Files</Filter>
    </ClCompile>
    <ClCompile Include="Memory.cpp">
      <Filter>Source Files</Filter>
    </ClCompile>
    <ClCompile Include="NativeInvoker.cpp">
      <Filter>Source Files</Filter>
    </ClCompile>
    <ClCompile Include="keyboard.cpp">
      <Filter>Source Files</Filter>
    </ClCompile>
    <ClCompile Include="InputHook.cpp">
      <Filter>Source Files</Filter>
    </ClCompile>
    <ClCompile Include="Functions.cpp">
      <Filter>Source Files</Filter>
    </ClCompile>
    <ClCompile Include="CrossMapping.cpp">
      <Filter>Source Files</Filter>
    </ClCompile>
    <ClCompile Include="Features.cpp">
      <Filter>Source Files</Filter>
    </ClCompile>
    <ClCompile Include="CustomText.cpp">
      <Filter>Header Files</Filter>
    </ClCompile>
    <ClCompile Include="auth.cpp">
      <Filter>Menu</Filter>
    </ClCompile>
    <ClCompile Include="auth.h">
      <Filter>Menu</Filter>
    </ClCompile>
    <ClCompile Include="Main.cpp">
      <Filter>Menu</Filter>
    </ClCompile>
    <ClCompile Include="UI.cpp">
      <Filter>Menu</Filter>
    </ClCompile>
    <ClCompile Include="Discord.cpp">
      <Filter>Discord</Filter>
    </ClCompile>
    <ClCompile Include="Hooks.cpp">
      <Filter>Source Files</Filter>
    </ClCompile>
  </ItemGroup>
  <ItemGroup>
    <MASM Include="spoof.asm">
      <Filter>Spoof</Filter>
    </MASM>
  </ItemGroup>
</Project>